
Microsoft Visual Studio Solution File, Format Version 12.00
# Visual Studio Version 17
VisualStudioVersion = 17.1.32228.430
MinimumVisualStudioVersion = 10.0.40219.1
Project("{FAE04EC0-301F-11D3-BF4B-00C04F79EFBC}") = "TTS_MVC", "TTS_MVC\TTS_MVC.csproj", "{C88F2CE0-9351-4CDD-B0E7-5CD28866F3A8}"
EndProject
Global
	GlobalSection(SolutionConfigurationPlatforms) = preSolution
		Debug|Any CPU = Debug|Any CPU
		Release|Any CPU = Release|Any CPU
	EndGlobalSection
	GlobalSection(ProjectConfigurationPlatforms) = postSolution
		{C88F2CE0-9351-4CDD-B0E7-5CD28866F3A8}.Debug|Any CPU.ActiveCfg = Debug|Any CPU
		{C88F2CE0-9351-4CDD-B0E7-5CD28866F3A8}.Debug|Any CPU.Build.0 = Debug|Any CPU
		{C88F2CE0-9351-4CDD-B0E7-5CD28866F3A8}.Release|Any CPU.ActiveCfg = Release|Any CPU
		{C88F2CE0-9351-4CDD-B0E7-5CD28866F3A8}.Release|Any CPU.Build.0 = Release|Any CPU
	EndGlobalSection
	GlobalSection(SolutionProperties) = preSolution
		HideSolutionNode = FALSE
	EndGlobalSection
	GlobalSection(ExtensibilityGlobals) = postSolution
		SolutionGuid = {3D1CE108-64DF-44F7-A0CF-1BFF740D2B29}
	EndGlobalSection
EndGlobal
